
Microsoft Visual Studio Solution File, Format Version 12.00
Project("{FAE04EC0-301F-11D3-BF4B-00C04F79EFBC}") = "SmMarketScraper.Console", "SmMarketScraper.Console\SmMarketScraper.Console.csproj", "{39C70D43-8FFE-4E2E-81C3-1074B2A99F34}"
EndProject
Project("{FAE04EC0-301F-11D3-BF4B-00C04F79EFBC}") = "SmMarketScraper.Infrastructure", "SmMarketScraper.Infrastructure\SmMarketScraper.Infrastructure.csproj", "{C01188D8-38FA-44E3-9CA2-0DF38609F65B}"
EndProject
Project("{FAE04EC0-301F-11D3-BF4B-00C04F79EFBC}") = "SmMarketScraper.Application", "SmMarketScraper.Application\SmMarketScraper.Application.csproj", "{B3CADEEA-8BFF-4DE4-A44F-812438F6613B}"
EndProject
Project("{FAE04EC0-301F-11D3-BF4B-00C04F79EFBC}") = "SmMarketScraper.Domain", "SmMarketScraper.Domain\SmMarketScraper.Domain.csproj", "{36FEDDCB-EF90-441F-9978-30F6AEAF9D27}"
EndProject
Global
	GlobalSection(SolutionConfigurationPlatforms) = preSolution
		Debug|Any CPU = Debug|Any CPU
		Release|Any CPU = Release|Any CPU
	EndGlobalSection
	GlobalSection(ProjectConfigurationPlatforms) = postSolution
		{39C70D43-8FFE-4E2E-81C3-1074B2A99F34}.Debug|Any CPU.ActiveCfg = Debug|Any CPU
		{39C70D43-8FFE-4E2E-81C3-1074B2A99F34}.Debug|Any CPU.Build.0 = Debug|Any CPU
		{39C70D43-8FFE-4E2E-81C3-1074B2A99F34}.Release|Any CPU.ActiveCfg = Release|Any CPU
		{39C70D43-8FFE-4E2E-81C3-1074B2A99F34}.Release|Any CPU.Build.0 = Release|Any CPU
		{C01188D8-38FA-44E3-9CA2-0DF38609F65B}.Debug|Any CPU.ActiveCfg = Debug|Any CPU
		{C01188D8-38FA-44E3-9CA2-0DF38609F65B}.Debug|Any CPU.Build.0 = Debug|Any CPU
		{C01188D8-38FA-44E3-9CA2-0DF38609F65B}.Release|Any CPU.ActiveCfg = Release|Any CPU
		{C01188D8-38FA-44E3-9CA2-0DF38609F65B}.Release|Any CPU.Build.0 = Release|Any CPU
		{B3CADEEA-8BFF-4DE4-A44F-812438F6613B}.Debug|Any CPU.ActiveCfg = Debug|Any CPU
		{B3CADEEA-8BFF-4DE4-A44F-812438F6613B}.Debug|Any CPU.Build.0 = Debug|Any CPU
		{B3CADEEA-8BFF-4DE4-A44F-812438F6613B}.Release|Any CPU.ActiveCfg = Release|Any CPU
		{B3CADEEA-8BFF-4DE4-A44F-812438F6613B}.Release|Any CPU.Build.0 = Release|Any CPU
		{36FEDDCB-EF90-441F-9978-30F6AEAF9D27}.Debug|Any CPU.ActiveCfg = Debug|Any CPU
		{36FEDDCB-EF90-441F-9978-30F6AEAF9D27}.Debug|Any CPU.Build.0 = Debug|Any CPU
		{36FEDDCB-EF90-441F-9978-30F6AEAF9D27}.Release|Any CPU.ActiveCfg = Release|Any CPU
		{36FEDDCB-EF90-441F-9978-30F6AEAF9D27}.Release|Any CPU.Build.0 = Release|Any CPU
	EndGlobalSection
EndGlobal
